PODS:
  - IFSFormsView (1.0):
    - Masonry (~> 1.1.0)
  - Masonry (1.1.0)

DEPENDENCIES:
  - IFSFormsView (from `../`)

SPEC REPOS:
  trunk:
    - Masonry

EXTERNAL SOURCES:
  IFSFormsView:
    :path: "../"

SPEC CHECKSUMS:
  IFSFormsView: a678bb107414cbf4ddbbfbc5b4b758b0d82fd848
  Masonry: 678fab65091a9290e40e2832a55e7ab731aad201

PODFILE CHECKSUM: f08c6004574a12546e9ada394c40386601b52a65

COCOAPODS: 1.8.4
